
Microsoft Visual Studio Solution File, Format Version 12.00
# Visual Studio Version 16
VisualStudioVersion = 16.0.28822.285
MinimumVisualStudioVersion = 10.0.40219.1
Project("{9A19103F-16F7-4668-BE54-9A1E7A4F7556}") = "SimpleStore", "SimpleStore\SimpleStore.csproj", "{9AB9AC29-1A39-4AB4-93EF-680C77DE4AEC}"
EndProject
Project("{9A19103F-16F7-4668-BE54-9A1E7A4F7556}") = "SimpleStore.Models", "SimpleStore.Models\SimpleStore.Models.csproj", "{1D0155B4-4FC1-49AB-BB65-9479D6EE2733}"
EndProject
Global
	GlobalSection(SolutionConfigurationPlatforms) = preSolution
		Debug|Any CPU = Debug|Any CPU
		Release|Any CPU = Release|Any CPU
	EndGlobalSection
	GlobalSection(ProjectConfigurationPlatforms) = postSolution
		{9AB9AC29-1A39-4AB4-93EF-680C77DE4AEC}.Debug|Any CPU.ActiveCfg = Debug|Any CPU
		{9AB9AC29-1A39-4AB4-93EF-680C77DE4AEC}.Debug|Any CPU.Build.0 = Debug|Any CPU
		{9AB9AC29-1A39-4AB4-93EF-680C77DE4AEC}.Release|Any CPU.ActiveCfg = Release|Any CPU
		{9AB9AC29-1A39-4AB4-93EF-680C77DE4AEC}.Release|Any CPU.Build.0 = Release|Any CPU
		{1D0155B4-4FC1-49AB-BB65-9479D6EE2733}.Debug|Any CPU.ActiveCfg = Debug|Any CPU
		{1D0155B4-4FC1-49AB-BB65-9479D6EE2733}.Debug|Any CPU.Build.0 = Debug|Any CPU
		{1D0155B4-4FC1-49AB-BB65-9479D6EE2733}.Release|Any CPU.ActiveCfg = Release|Any CPU
		{1D0155B4-4FC1-49AB-BB65-9479D6EE2733}.Release|Any CPU.Build.0 = Release|Any CPU
	EndGlobalSection
	GlobalSection(SolutionProperties) = preSolution
		HideSolutionNode = FALSE
	EndGlobalSection
	GlobalSection(ExtensibilityGlobals) = postSolution
		SolutionGuid = {97B9FBB2-B0AF-4944-8EE1-D285069457B2}
	EndGlobalSection
EndGlobal
